
Microsoft Visual Studio Solution File, Format Version 12.00
# Visual Studio Version 16
VisualStudioVersion = 16.0.28516.95
MinimumVisualStudioVersion = 10.0.40219.1
Project("{9A19103F-16F7-4668-BE54-9A1E7A4F7556}") = "Delonomi", "Delonomi.csproj", "{2D86FED2-A142-4354-AF78-10503B83556C}"
EndProject
Project("{9A19103F-16F7-4668-BE54-9A1E7A4F7556}") = "ConsoleApp1", "..\ConsoleApp1\ConsoleApp1\ConsoleApp1.csproj", "{80467877-A0F3-49B0-A325-1345F21D1495}"
EndProject
Global
	GlobalSection(SolutionConfigurationPlatforms) = preSolution
		Debug|Any CPU = Debug|Any CPU
		Release|Any CPU = Release|Any CPU
	EndGlobalSection
	GlobalSection(ProjectConfigurationPlatforms) = postSolution
		{2D86FED2-A142-4354-AF78-10503B83556C}.Debug|Any CPU.ActiveCfg = Debug|Any CPU
		{2D86FED2-A142-4354-AF78-10503B83556C}.Debug|Any CPU.Build.0 = Debug|Any CPU
		{2D86FED2-A142-4354-AF78-10503B83556C}.Release|Any CPU.ActiveCfg = Release|Any CPU
		{2D86FED2-A142-4354-AF78-10503B83556C}.Release|Any CPU.Build.0 = Release|Any CPU
		{80467877-A0F3-49B0-A325-1345F21D1495}.Debug|Any CPU.ActiveCfg = Debug|Any CPU
		{80467877-A0F3-49B0-A325-1345F21D1495}.Debug|Any CPU.Build.0 = Debug|Any CPU
		{80467877-A0F3-49B0-A325-1345F21D1495}.Release|Any CPU.ActiveCfg = Release|Any CPU
		{80467877-A0F3-49B0-A325-1345F21D1495}.Release|Any CPU.Build.0 = Release|Any CPU
	EndGlobalSection
	GlobalSection(SolutionProperties) = preSolution
		HideSolutionNode = FALSE
	EndGlobalSection
	GlobalSection(ExtensibilityGlobals) = postSolution
		SolutionGuid = {F4BF8B59-AE6C-4ED2-BB57-AE1582BE2304}
	EndGlobalSection
EndGlobal
