
Microsoft Visual Studio Solution File, Format Version 12.00
# Visual Studio 15
VisualStudioVersion = 15.0.28307.168
MinimumVisualStudioVersion = 10.0.40219.1
Project("{9A19103F-16F7-4668-BE54-9A1E7A4F7556}") = "Delonomi", "Delonomi.csproj", "{2D86FED2-A142-4354-AF78-10503B83556C}"
EndProject
Project("{9A19103F-16F7-4668-BE54-9A1E7A4F7556}") = "Persistance.Sqlite", "..\Storage.Sqlite\Persistance.Sqlite.csproj", "{C3691A3A-7986-41F4-8AE3-BBBABBBA04A9}"
EndProject
Global
	GlobalSection(SolutionConfigurationPlatforms) = preSolution
		Debug|Any CPU = Debug|Any CPU
		Release|Any CPU = Release|Any CPU
	EndGlobalSection
	GlobalSection(ProjectConfigurationPlatforms) = postSolution
		{2D86FED2-A142-4354-AF78-10503B83556C}.Debug|Any CPU.ActiveCfg = Debug|Any CPU
		{2D86FED2-A142-4354-AF78-10503B83556C}.Debug|Any CPU.Build.0 = Debug|Any CPU
		{2D86FED2-A142-4354-AF78-10503B83556C}.Release|Any CPU.ActiveCfg = Release|Any CPU
		{2D86FED2-A142-4354-AF78-10503B83556C}.Release|Any CPU.Build.0 = Release|Any CPU
		{C3691A3A-7986-41F4-8AE3-BBBABBBA04A9}.Debug|Any CPU.ActiveCfg = Debug|Any CPU
		{C3691A3A-7986-41F4-8AE3-BBBABBBA04A9}.Debug|Any CPU.Build.0 = Debug|Any CPU
		{C3691A3A-7986-41F4-8AE3-BBBABBBA04A9}.Release|Any CPU.ActiveCfg = Release|Any CPU
		{C3691A3A-7986-41F4-8AE3-BBBABBBA04A9}.Release|Any CPU.Build.0 = Release|Any CPU
	EndGlobalSection
	GlobalSection(SolutionProperties) = preSolution
		HideSolutionNode = FALSE
	EndGlobalSection
	GlobalSection(ExtensibilityGlobals) = postSolution
		SolutionGuid = {F4BF8B59-AE6C-4ED2-BB57-AE1582BE2304}
	EndGlobalSection
EndGlobal
